
Microsoft Visual Studio Solution File, Format Version 12.00
# Visual Studio Version 16
VisualStudioVersion = 16.0.29519.87
MinimumVisualStudioVersion = 10.0.40219.1
Project("{9A19103F-16F7-4668-BE54-9A1E7A4F7556}") = "survey-polling.api", "survey-polling.api\survey-polling.api.csproj", "{CA310436-95CD-484D-BEAB-7127AD6F74E1}"
EndProject
Global
	GlobalSection(SolutionConfigurationPlatforms) = preSolution
		Debug|Any CPU = Debug|Any CPU
		Release|Any CPU = Release|Any CPU
	EndGlobalSection
	GlobalSection(ProjectConfigurationPlatforms) = postSolution
		{CA310436-95CD-484D-BEAB-7127AD6F74E1}.Debug|Any CPU.ActiveCfg = Debug|Any CPU
		{CA310436-95CD-484D-BEAB-7127AD6F74E1}.Debug|Any CPU.Build.0 = Debug|Any CPU
		{CA310436-95CD-484D-BEAB-7127AD6F74E1}.Release|Any CPU.ActiveCfg = Release|Any CPU
		{CA310436-95CD-484D-BEAB-7127AD6F74E1}.Release|Any CPU.Build.0 = Release|Any CPU
	EndGlobalSection
	GlobalSection(SolutionProperties) = preSolution
		HideSolutionNode = FALSE
	EndGlobalSection
	GlobalSection(ExtensibilityGlobals) = postSolution
		SolutionGuid = {2B63BF24-CE26-44B7-BE81-D2CF7F08FF8C}
	EndGlobalSection
EndGlobal
