
Microsoft Visual Studio Solution File, Format Version 12.00
# Visual Studio Version 16
VisualStudioVersion = 16.0.29519.87
MinimumVisualStudioVersion = 10.0.40219.1
Project("{FAE04EC0-301F-11D3-BF4B-00C04F79EFBC}") = "survey-polling", "survey-polling\survey-polling.csproj", "{BF468BF0-DA1A-4C24-A0A4-F6CCD192BBDB}"
EndProject
Global
	GlobalSection(SolutionConfigurationPlatforms) = preSolution
		Debug|Any CPU = Debug|Any CPU
		Release|Any CPU = Release|Any CPU
	EndGlobalSection
	GlobalSection(ProjectConfigurationPlatforms) = postSolution
		{BF468BF0-DA1A-4C24-A0A4-F6CCD192BBDB}.Debug|Any CPU.ActiveCfg = Debug|Any CPU
		{BF468BF0-DA1A-4C24-A0A4-F6CCD192BBDB}.Debug|Any CPU.Build.0 = Debug|Any CPU
		{BF468BF0-DA1A-4C24-A0A4-F6CCD192BBDB}.Release|Any CPU.ActiveCfg = Release|Any CPU
		{BF468BF0-DA1A-4C24-A0A4-F6CCD192BBDB}.Release|Any CPU.Build.0 = Release|Any CPU
	EndGlobalSection
	GlobalSection(SolutionProperties) = preSolution
		HideSolutionNode = FALSE
	EndGlobalSection
	GlobalSection(ExtensibilityGlobals) = postSolution
		SolutionGuid = {038411E5-042A-4713-B3E4-CCC3F93F3CB2}
	EndGlobalSection
EndGlobal
